// !$*UTF8*$!
{
	archiveVersion = 1;
	classes = {
	};
	objectVersion = 46;
	objects = {

/* Begin PBXBuildFile section */
		0B0320886BD13AF4E95912A7 /* libPods-SingPlayer.a in Frameworks */ = {isa = PBXBuildFile; fileRef = A82C0BBC7EFF87D8C6F84FB5 /* libPods-SingPlayer.a */; };
		5E9F45A01D55CD290097D794 /* MainViewController.m in Sources */ = {isa = PBXBuildFile; fileRef = 5E9F459F1D55CD290097D794 /* MainViewController.m */; };
		5E9F45A21D55CF5D0097D794 /* 1.jpg in Resources */ = {isa = PBXBuildFile; fileRef = 5E9F45A11D55CF5D0097D794 /* 1.jpg */; };
		5E9F45A91D55CFC50097D794 /* MineVCourseController.m in Sources */ = {isa = PBXBuildFile; fileRef = 5E9F45A81D55CFC50097D794 /* MineVCourseController.m */; };
		5E9F45D11D55D2530097D794 /* Sound 1.mp3 in Resources */ = {isa = PBXBuildFile; fileRef = 5E9F45AB1D55D2530097D794 /* Sound 1.mp3 */; };
		5E9F45D21D55D2530097D794 /* Sound 10.mp3 in Resources */ = {isa = PBXBuildFile; fileRef = 5E9F45AC1D55D2530097D794 /* Sound 10.mp3 */; };
		5E9F45D31D55D2530097D794 /* Sound 11.mp3 in Resources */ = {isa = PBXBuildFile; fileRef = 5E9F45AD1D55D2530097D794 /* Sound 11.mp3 */; };
		5E9F45D41D55D2530097D794 /* Sound 12.mp3 in Resources */ = {isa = PBXBuildFile; fileRef = 5E9F45AE1D55D2530097D794 /* Sound 12.mp3 */; };
		5E9F45D51D55D2530097D794 /* Sound 13.mp3 in Resources */ = {isa = PBXBuildFile; fileRef = 5E9F45AF1D55D2530097D794 /* Sound 13.mp3 */; };
		5E9F45D61D55D2530097D794 /* Sound 14.mp3 in Resources */ = {isa = PBXBuildFile; fileRef = 5E9F45B01D55D2530097D794 /* Sound 14.mp3 */; };
		5E9F45D71D55D2530097D794 /* Sound 15.mp3 in Resources */ = {isa = PBXBuildFile; fileRef = 5E9F45B11D55D2530097D794 /* Sound 15.mp3 */; };
		5E9F45D81D55D2530097D794 /* Sound 16.mp3 in Resources */ = {isa = PBXBuildFile; fileRef = 5E9F45B21D55D2530097D794 /* Sound 16.mp3 */; };
		5E9F45D91D55D2530097D794 /* Sound 17.mp3 in Resources */ = {isa = PBXBuildFile; fileRef = 5E9F45B31D55D2530097D794 /* Sound 17.mp3 */; };
		5E9F45DA1D55D2530097D794 /* Sound 18.mp3 in Resources */ = {isa = PBXBuildFile; fileRef = 5E9F45B41D55D2530097D794 /* Sound 18.mp3 */; };
		5E9F45DB1D55D2530097D794 /* Sound 19.mp3 in Resources */ = {isa = PBXBuildFile; fileRef = 5E9F45B51D55D2530097D794 /* Sound 19.mp3 */; };
		5E9F45DC1D55D2530097D794 /* Sound 2.mp3 in Resources */ = {isa = PBXBuildFile; fileRef = 5E9F45B61D55D2530097D794 /* Sound 2.mp3 */; };
		5E9F45DD1D55D2530097D794 /* Sound 20.mp3 in Resources */ = {isa = PBXBuildFile; fileRef = 5E9F45B71D55D2530097D794 /* Sound 20.mp3 */; };
		5E9F45DE1D55D2530097D794 /* Sound 21.mp3 in Resources */ = {isa = PBXBuildFile; fileRef = 5E9F45B81D55D2530097D794 /* Sound 21.mp3 */; };
		5E9F45DF1D55D2530097D794 /* Sound 22.mp3 in Resources */ = {isa = PBXBuildFile; fileRef = 5E9F45B91D55D2530097D794 /* Sound 22.mp3 */; };
		5E9F45E01D55D2530097D794 /* Sound 23.mp3 in Resources */ = {isa = PBXBuildFile; fileRef = 5E9F45BA1D55D2530097D794 /* Sound 23.mp3 */; };
		5E9F45E11D55D2530097D794 /* Sound 24.mp3 in Resources */ = {isa = PBXBuildFile; fileRef = 5E9F45BB1D55D2530097D794 /* Sound 24.mp3 */; };
		5E9F45E21D55D2530097D794 /* Sound 25.mp3 in Resources */ = {isa = PBXBuildFile; fileRef = 5E9F45BC1D55D2530097D794 /* Sound 25.mp3 */; };
		5E9F45E31D55D2530097D794 /* Sound 26.mp3 in Resources */ = {isa = PBXBuildFile; fileRef = 5E9F45BD1D55D2530097D794 /* Sound 26.mp3 */; };
		5E9F45E41D55D2530097D794 /* Sound 27.mp3 in Resources */ = {isa = PBXBuildFile; fileRef = 5E9F45BE1D55D2530097D794 /* Sound 27.mp3 */; };
		5E9F45E51D55D2530097D794 /* Sound 28.mp3 in Resources */ = {isa = PBXBuildFile; fileRef = 5E9F45BF1D55D2530097D794 /* Sound 28.mp3 */; };
		5E9F45E61D55D2530097D794 /* Sound 29.mp3 in Resources */ = {isa = PBXBuildFile; fileRef = 5E9F45C01D55D2530097D794 /* Sound 29.mp3 */; };
		5E9F45E71D55D2530097D794 /* Sound 3.mp3 in Resources */ = {isa = PBXBuildFile; fileRef = 5E9F45C11D55D2530097D794 /* Sound 3.mp3 */; };
		5E9F45E81D55D2530097D794 /* Sound 30.mp3 in Resources */ = {isa = PBXBuildFile; fileRef = 5E9F45C21D55D2530097D794 /* Sound 30.mp3 */; };
		5E9F45E91D55D2530097D794 /* Sound 31.mp3 in Resources */ = {isa = PBXBuildFile; fileRef = 5E9F45C31D55D2530097D794 /* Sound 31.mp3 */; };
		5E9F45EA1D55D2530097D794 /* Sound 32.mp3 in Resources */ = {isa = PBXBuildFile; fileRef = 5E9F45C41D55D2530097D794 /* Sound 32.mp3 */; };
		5E9F45EB1D55D2530097D794 /* Sound 33.mp3 in Resources */ = {isa = PBXBuildFile; fileRef = 5E9F45C51D55D2530097D794 /* Sound 33.mp3 */; };
		5E9F45EC1D55D2530097D794 /* Sound 34.mp3 in Resources */ = {isa = PBXBuildFile; fileRef = 5E9F45C61D55D2530097D794 /* Sound 34.mp3 */; };
		5E9F45ED1D55D2530097D794 /* Sound 35.mp3 in Resources */ = {isa = PBXBuildFile; fileRef = 5E9F45C71D55D2530097D794 /* Sound 35.mp3 */; };
		5E9F45EE1D55D2530097D794 /* Sound 36.mp3 in Resources */ = {isa = PBXBuildFile; fileRef = 5E9F45C81D55D2530097D794 /* Sound 36.mp3 */; };
		5E9F45EF1D55D2530097D794 /* Sound 37.mp3 in Resources */ = {isa = PBXBuildFile; fileRef = 5E9F45C91D55D2530097D794 /* Sound 37.mp3 */; };
		5E9F45F01D55D2530097D794 /* Sound 38.mp3 in Resources */ = {isa = PBXBuildFile; fileRef = 5E9F45CA1D55D2530097D794 /* Sound 38.mp3 */; };
		5E9F45F11D55D2530097D794 /* Sound 4.mp3 in Resources */ = {isa = PBXBuildFile; fileRef = 5E9F45CB1D55D2530097D794 /* Sound 4.mp3 */; };
		5E9F45F21D55D2530097D794 /* Sound 5.mp3 in Resources */ = {isa = PBXBuildFile; fileRef = 5E9F45CC1D55D2530097D794 /* Sound 5.mp3 */; };
		5E9F45F31D55D2530097D794 /* Sound 6.mp3 in Resources */ = {isa = PBXBuildFile; fileRef = 5E9F45CD1D55D2530097D794 /* Sound 6.mp3 */; };
		5E9F45F41D55D2530097D794 /* Sound 7.mp3 in Resources */ = {isa = PBXBuildFile; fileRef = 5E9F45CE1D55D2530097D794 /* Sound 7.mp3 */; };
		5E9F45F51D55D2530097D794 /* Sound 8.mp3 in Resources */ = {isa = PBXBuildFile; fileRef = 5E9F45CF1D55D2530097D794 /* Sound 8.mp3 */; };
		5E9F45F61D55D2530097D794 /* Sound 9.mp3 in Resources */ = {isa = PBXBuildFile; fileRef = 5E9F45D01D55D2530097D794 /* Sound 9.mp3 */; };
		5E9F45F81D55D2730097D794 /* 分句原文.txt in Resources */ = {isa = PBXBuildFile; fileRef = 5E9F45F71D55D2730097D794 /* 分句原文.txt */; };
		5E9F45FA1D55D27B0097D794 /* 原始音频.mp3 in Resources */ = {isa = PBXBuildFile; fileRef = 5E9F45F91D55D27B0097D794 /* 原始音频.mp3 */; };
		5E9F46011D55D4820097D794 /* PlayViewController.m in Sources */ = {isa = PBXBuildFile; fileRef = 5E9F46001D55D4820097D794 /* PlayViewController.m */; };
		5EC07F161D55C2E0000309B6 /* main.m in Sources */ = {isa = PBXBuildFile; fileRef = 5EC07F151D55C2E0000309B6 /* main.m */; };
		5EC07F191D55C2E0000309B6 /* AppDelegate.m in Sources */ = {isa = PBXBuildFile; fileRef = 5EC07F181D55C2E0000309B6 /* AppDelegate.m */; };
		5EC07F211D55C2E0000309B6 /* Assets.xcassets in Resources */ = {isa = PBXBuildFile; fileRef = 5EC07F201D55C2E0000309B6 /* Assets.xcassets */; };
/* End PBXBuildFile section */

/* Begin PBXFileReference section */
		09840E052C29BC0F1E37E93F /* Pods-SingPlayer.release.xcconfig */ = {isa = PBXFileReference; includeInIndex = 1; lastKnownFileType = text.xcconfig; name = "Pods-SingPlayer.release.xcconfig"; path = "Pods/Target Support Files/Pods-SingPlayer/Pods-SingPlayer.release.xcconfig"; sourceTree = "<group>"; };
		5E9F459E1D55CD290097D794 /* MainViewController.h */ = {isa = PBXFileReference; fileEncoding = 4; lastKnownFileType = sourcecode.c.h; path = MainViewController.h; sourceTree = "<group>"; };
		5E9F459F1D55CD290097D794 /* MainViewController.m */ = {isa = PBXFileReference; fileEncoding = 4; lastKnownFileType = sourcecode.c.objc; path = MainViewController.m; sourceTree = "<group>"; };
		5E9F45A11D55CF5D0097D794 /* 1.jpg */ = {isa = PBXFileReference; lastKnownFileType = image.jpeg; path = 1.jpg; sourceTree = "<group>"; };
		5E9F45A71D55CFC50097D794 /* MineVCourseController.h */ = {isa = PBXFileReference; fileEncoding = 4; lastKnownFileType = sourcecode.c.h; path = MineVCourseController.h; sourceTree = "<group>"; };
		5E9F45A81D55CFC50097D794 /* MineVCourseController.m */ = {isa = PBXFileReference; fileEncoding = 4; lastKnownFileType = sourcecode.c.objc; path = MineVCourseController.m; sourceTree = "<group>"; };
		5E9F45AB1D55D2530097D794 /* Sound 1.mp3 */ = {isa = PBXFileReference; lastKnownFileType = audio.mp3; path = "Sound 1.mp3"; sourceTree = "<group>"; };
		5E9F45AC1D55D2530097D794 /* Sound 10.mp3 */ = {isa = PBXFileReference; lastKnownFileType = audio.mp3; path = "Sound 10.mp3"; sourceTree = "<group>"; };
		5E9F45AD1D55D2530097D794 /* Sound 11.mp3 */ = {isa = PBXFileReference; lastKnownFileType = audio.mp3; path = "Sound 11.mp3"; sourceTree = "<group>"; };
		5E9F45AE1D55D2530097D794 /* Sound 12.mp3 */ = {isa = PBXFileReference; lastKnownFileType = audio.mp3; path = "Sound 12.mp3"; sourceTree = "<group>"; };
		5E9F45AF1D55D2530097D794 /* Sound 13.mp3 */ = {isa = PBXFileReference; lastKnownFileType = audio.mp3; path = "Sound 13.mp3"; sourceTree = "<group>"; };
		5E9F45B01D55D2530097D794 /* Sound 14.mp3 */ = {isa = PBXFileReference; lastKnownFileType = audio.mp3; path = "Sound 14.mp3"; sourceTree = "<group>"; };
		5E9F45B11D55D2530097D794 /* Sound 15.mp3 */ = {isa = PBXFileReference; lastKnownFileType = audio.mp3; path = "Sound 15.mp3"; sourceTree = "<group>"; };
		5E9F45B21D55D2530097D794 /* Sound 16.mp3 */ = {isa = PBXFileReference; lastKnownFileType = audio.mp3; path = "Sound 16.mp3"; sourceTree = "<group>"; };
		5E9F45B31D55D2530097D794 /* Sound 17.mp3 */ = {isa = PBXFileReference; lastKnownFileType = audio.mp3; path = "Sound 17.mp3"; sourceTree = "<group>"; };
		5E9F45B41D55D2530097D794 /* Sound 18.mp3 */ = {isa = PBXFileReference; lastKnownFileType = audio.mp3; path = "Sound 18.mp3"; sourceTree = "<group>"; };
		5E9F45B51D55D2530097D794 /* Sound 19.mp3 */ = {isa = PBXFileReference; lastKnownFileType = audio.mp3; path = "Sound 19.mp3"; sourceTree = "<group>"; };
		5E9F45B61D55D2530097D794 /* Sound 2.mp3 */ = {isa = PBXFileReference; lastKnownFileType = audio.mp3; path = "Sound 2.mp3"; sourceTree = "<group>"; };
		5E9F45B71D55D2530097D794 /* Sound 20.mp3 */ = {isa = PBXFileReference; lastKnownFileType = audio.mp3; path = "Sound 20.mp3"; sourceTree = "<group>"; };
		5E9F45B81D55D2530097D794 /* Sound 21.mp3 */ = {isa = PBXFileReference; lastKnownFileType = audio.mp3; path = "Sound 21.mp3"; sourceTree = "<group>"; };
		5E9F45B91D55D2530097D794 /* Sound 22.mp3 */ = {isa = PBXFileReference; lastKnownFileType = audio.mp3; path = "Sound 22.mp3"; sourceTree = "<group>"; };
		5E9F45BA1D55D2530097D794 /* Sound 23.mp3 */ = {isa = PBXFileReference; lastKnownFileType = audio.mp3; path = "Sound 23.mp3"; sourceTree = "<group>"; };
		5E9F45BB1D55D2530097D794 /* Sound 24.mp3 */ = {isa = PBXFileReference; lastKnownFileType = audio.mp3; path = "Sound 24.mp3"; sourceTree = "<group>"; };
		5E9F45BC1D55D2530097D794 /* Sound 25.mp3 */ = {isa = PBXFileReference; lastKnownFileType = audio.mp3; path = "Sound 25.mp3"; sourceTree = "<group>"; };
		5E9F45BD1D55D2530097D794 /* Sound 26.mp3 */ = {isa = PBXFileReference; lastKnownFileType = audio.mp3; path = "Sound 26.mp3"; sourceTree = "<group>"; };
		5E9F45BE1D55D2530097D794 /* Sound 27.mp3 */ = {isa = PBXFileReference; lastKnownFileType = audio.mp3; path = "Sound 27.mp3"; sourceTree = "<group>"; };
		5E9F45BF1D55D2530097D794 /* Sound 28.mp3 */ = {isa = PBXFileReference; lastKnownFileType = audio.mp3; path = "Sound 28.mp3"; sourceTree = "<group>"; };
		5E9F45C01D55D2530097D794 /* Sound 29.mp3 */ = {isa = PBXFileReference; lastKnownFileType = audio.mp3; path = "Sound 29.mp3"; sourceTree = "<group>"; };
		5E9F45C11D55D2530097D794 /* Sound 3.mp3 */ = {isa = PBXFileReference; lastKnownFileType = audio.mp3; path = "Sound 3.mp3"; sourceTree = "<group>"; };
		5E9F45C21D55D2530097D794 /* Sound 30.mp3 */ = {isa = PBXFileReference; lastKnownFileType = audio.mp3; path = "Sound 30.mp3"; sourceTree = "<group>"; };
		5E9F45C31D55D2530097D794 /* Sound 31.mp3 */ = {isa = PBXFileReference; lastKnownFileType = audio.mp3; path = "Sound 31.mp3"; sourceTree = "<group>"; };
		5E9F45C41D55D2530097D794 /* Sound 32.mp3 */ = {isa = PBXFileReference; lastKnownFileType = audio.mp3; path = "Sound 32.mp3"; sourceTree = "<group>"; };
		5E9F45C51D55D2530097D794 /* Sound 33.mp3 */ = {isa = PBXFileReference; lastKnownFileType = audio.mp3; path = "Sound 33.mp3"; sourceTree = "<group>"; };
		5E9F45C61D55D2530097D794 /* Sound 34.mp3 */ = {isa = PBXFileReference; lastKnownFileType = audio.mp3; path = "Sound 34.mp3"; sourceTree = "<group>"; };
		5E9F45C71D55D2530097D794 /* Sound 35.mp3 */ = {isa = PBXFileReference; lastKnownFileType = audio.mp3; path = "Sound 35.mp3"; sourceTree = "<group>"; };
		5E9F45C81D55D2530097D794 /* Sound 36.mp3 */ = {isa = PBXFileReference; lastKnownFileType = audio.mp3; path = "Sound 36.mp3"; sourceTree = "<group>"; };
		5E9F45C91D55D2530097D794 /* Sound 37.mp3 */ = {isa = PBXFileReference; lastKnownFileType = audio.mp3; path = "Sound 37.mp3"; sourceTree = "<group>"; };
		5E9F45CA1D55D2530097D794 /* Sound 38.mp3 */ = {isa = PBXFileReference; lastKnownFileType = audio.mp3; path = "Sound 38.mp3"; sourceTree = "<group>"; };
		5E9F45CB1D55D2530097D794 /* Sound 4.mp3 */ = {isa = PBXFileReference; lastKnownFileType = audio.mp3; path = "Sound 4.mp3"; sourceTree = "<group>"; };
		5E9F45CC1D55D2530097D794 /* Sound 5.mp3 */ = {isa = PBXFileReference; lastKnownFileType = audio.mp3; path = "Sound 5.mp3"; sourceTree = "<group>"; };
		5E9F45CD1D55D2530097D794 /* Sound 6.mp3 */ = {isa = PBXFileReference; lastKnownFileType = audio.mp3; path = "Sound 6.mp3"; sourceTree = "<group>"; };
		5E9F45CE1D55D2530097D794 /* Sound 7.mp3 */ = {isa = PBXFileReference; lastKnownFileType = audio.mp3; path = "Sound 7.mp3"; sourceTree = "<group>"; };
		5E9F45CF1D55D2530097D794 /* Sound 8.mp3 */ = {isa = PBXFileReference; lastKnownFileType = audio.mp3; path = "Sound 8.mp3"; sourceTree = "<group>"; };
		5E9F45D01D55D2530097D794 /* Sound 9.mp3 */ = {isa = PBXFileReference; lastKnownFileType = audio.mp3; path = "Sound 9.mp3"; sourceTree = "<group>"; };
		5E9F45F71D55D2730097D794 /* 分句原文.txt */ = {isa = PBXFileReference; fileEncoding = 4; lastKnownFileType = text; path = "分句原文.txt"; sourceTree = "<group>"; };
		5E9F45F91D55D27B0097D794 /* 原始音频.mp3 */ = {isa = PBXFileReference; lastKnownFileType = audio.mp3; path = "原始音频.mp3"; sourceTree = "<group>"; };
		5E9F45FF1D55D4820097D794 /* PlayViewController.h */ = {isa = PBXFileReference; fileEncoding = 4; lastKnownFileType = sourcecode.c.h; path = PlayViewController.h; sourceTree = "<group>"; };
		5E9F46001D55D4820097D794 /* PlayViewController.m */ = {isa = PBXFileReference; fileEncoding = 4; lastKnownFileType = sourcecode.c.objc; path = PlayViewController.m; sourceTree = "<group>"; };
		5EC07F111D55C2E0000309B6 /* SingPlayer.app */ = {isa = PBXFileReference; explicitFileType = wrapper.application; includeInIndex = 0; path = SingPlayer.app; sourceTree = BUILT_PRODUCTS_DIR; };
		5EC07F151D55C2E0000309B6 /* main.m */ = {isa = PBXFileReference; lastKnownFileType = sourcecode.c.objc; path = main.m; sourceTree = "<group>"; };
		5EC07F171D55C2E0000309B6 /* AppDelegate.h */ = {isa = PBXFileReference; lastKnownFileType = sourcecode.c.h; name = AppDelegate.h; path = ../AppDelegate.h; sourceTree = "<group>"; };
		5EC07F181D55C2E0000309B6 /* AppDelegate.m */ = {isa = PBXFileReference; lastKnownFileType = sourcecode.c.objc; name = AppDelegate.m; path = ../AppDelegate.m; sourceTree = "<group>"; };
		5EC07F201D55C2E0000309B6 /* Assets.xcassets */ = {isa = PBXFileReference; lastKnownFileType = folder.assetcatalog; path = Assets.xcassets; sourceTree = "<group>"; };
		5EC07F251D55C2E0000309B6 /* Info.plist */ = {isa = PBXFileReference; lastKnownFileType = text.plist.xml; path = Info.plist; sourceTree = "<group>"; };
		5EC07F301D55C3E9000309B6 /* PrefixHeader.pch */ = {isa = PBXFileReference; fileEncoding = 4; lastKnownFileType = sourcecode.c.h; path = PrefixHeader.pch; sourceTree = "<group>"; };
		A82C0BBC7EFF87D8C6F84FB5 /* libPods-SingPlayer.a */ = {isa = PBXFileReference; explicitFileType = archive.ar; includeInIndex = 0; path = "libPods-SingPlayer.a"; sourceTree = BUILT_PRODUCTS_DIR; };
		FF2B743056A318E1C126A7F5 /* Pods-SingPlayer.debug.xcconfig */ = {isa = PBXFileReference; includeInIndex = 1; lastKnownFileType = text.xcconfig; name = "Pods-SingPlayer.debug.xcconfig"; path = "Pods/Target Support Files/Pods-SingPlayer/Pods-SingPlayer.debug.xcconfig"; sourceTree = "<group>"; };
/* End PBXFileReference section */

/* Begin PBXFrameworksBuildPhase section */
		5EC07F0E1D55C2E0000309B6 /* Frameworks */ = {
			isa = PBXFrameworksBuildPhase;
			buildActionMask = 2147483647;
			files = (
				0B0320886BD13AF4E95912A7 /* libPods-SingPlayer.a in Frameworks */,
			);
			runOnlyForDeploymentPostprocessing = 0;
		};
/* End PBXFrameworksBuildPhase section */

/* Begin PBXGroup section */
		5E9F45A31D55CFB40097D794 /* MineCourse */ = {
			isa = PBXGroup;
			children = (
				5E9F45A41D55CFB40097D794 /* Controller */,
				5E9F45A51D55CFB40097D794 /* Model */,
				5E9F45A61D55CFB40097D794 /* View */,
			);
			path = MineCourse;
			sourceTree = "<group>";
		};
		5E9F45A41D55CFB40097D794 /* Controller */ = {
			isa = PBXGroup;
			children = (
				5E9F45A71D55CFC50097D794 /* MineVCourseController.h */,
				5E9F45A81D55CFC50097D794 /* MineVCourseController.m */,
			);
			path = Controller;
			sourceTree = "<group>";
		};
		5E9F45A51D55CFB40097D794 /* Model */ = {
			isa = PBXGroup;
			children = (
			);
			path = Model;
			sourceTree = "<group>";
		};
		5E9F45A61D55CFB40097D794 /* View */ = {
			isa = PBXGroup;
			children = (
			);
			path = View;
			sourceTree = "<group>";
		};
		5E9F45AA1D55D2530097D794 /* 分句音频 */ = {
			isa = PBXGroup;
			children = (
				5E9F45AB1D55D2530097D794 /* Sound 1.mp3 */,
				5E9F45AC1D55D2530097D794 /* Sound 10.mp3 */,
				5E9F45AD1D55D2530097D794 /* Sound 11.mp3 */,
				5E9F45AE1D55D2530097D794 /* Sound 12.mp3 */,
				5E9F45AF1D55D2530097D794 /* Sound 13.mp3 */,
				5E9F45B01D55D2530097D794 /* Sound 14.mp3 */,
				5E9F45B11D55D2530097D794 /* Sound 15.mp3 */,
				5E9F45B21D55D2530097D794 /* Sound 16.mp3 */,
				5E9F45B31D55D2530097D794 /* Sound 17.mp3 */,
				5E9F45B41D55D2530097D794 /* Sound 18.mp3 */,
				5E9F45B51D55D2530097D794 /* Sound 19.mp3 */,
				5E9F45B61D55D2530097D794 /* Sound 2.mp3 */,
				5E9F45B71D55D2530097D794 /* Sound 20.mp3 */,
				5E9F45B81D55D2530097D794 /* Sound 21.mp3 */,
				5E9F45B91D55D2530097D794 /* Sound 22.mp3 */,
				5E9F45BA1D55D2530097D794 /* Sound 23.mp3 */,
				5E9F45BB1D55D2530097D794 /* Sound 24.mp3 */,
				5E9F45BC1D55D2530097D794 /* Sound 25.mp3 */,
				5E9F45BD1D55D2530097D794 /* Sound 26.mp3 */,
				5E9F45BE1D55D2530097D794 /* Sound 27.mp3 */,
				5E9F45BF1D55D2530097D794 /* Sound 28.mp3 */,
				5E9F45C01D55D2530097D794 /* Sound 29.mp3 */,
				5E9F45C11D55D2530097D794 /* Sound 3.mp3 */,
				5E9F45C21D55D2530097D794 /* Sound 30.mp3 */,
				5E9F45C31D55D2530097D794 /* Sound 31.mp3 */,
				5E9F45C41D55D2530097D794 /* Sound 32.mp3 */,
				5E9F45C51D55D2530097D794 /* Sound 33.mp3 */,
				5E9F45C61D55D2530097D794 /* Sound 34.mp3 */,
				5E9F45C71D55D2530097D794 /* Sound 35.mp3 */,
				5E9F45C81D55D2530097D794 /* Sound 36.mp3 */,
				5E9F45C91D55D2530097D794 /* Sound 37.mp3 */,
				5E9F45CA1D55D2530097D794 /* Sound 38.mp3 */,
				5E9F45CB1D55D2530097D794 /* Sound 4.mp3 */,
				5E9F45CC1D55D2530097D794 /* Sound 5.mp3 */,
				5E9F45CD1D55D2530097D794 /* Sound 6.mp3 */,
				5E9F45CE1D55D2530097D794 /* Sound 7.mp3 */,
				5E9F45CF1D55D2530097D794 /* Sound 8.mp3 */,
				5E9F45D01D55D2530097D794 /* Sound 9.mp3 */,
			);
			path = "分句音频";
			sourceTree = "<group>";
		};
		5E9F45FB1D55D4760097D794 /* Play */ = {
			isa = PBXGroup;
			children = (
				5E9F45FC1D55D4760097D794 /* Controller */,
				5E9F45FD1D55D4760097D794 /* Model */,
				5E9F45FE1D55D4760097D794 /* View */,
			);
			path = Play;
			sourceTree = "<group>";
		};
		5E9F45FC1D55D4760097D794 /* Controller */ = {
			isa = PBXGroup;
			children = (
				5E9F45FF1D55D4820097D794 /* PlayViewController.h */,
				5E9F46001D55D4820097D794 /* PlayViewController.m */,
			);
			path = Controller;
			sourceTree = "<group>";
		};
		5E9F45FD1D55D4760097D794 /* Model */ = {
			isa = PBXGroup;
			children = (
			);
			path = Model;
			sourceTree = "<group>";
		};
		5E9F45FE1D55D4760097D794 /* View */ = {
			isa = PBXGroup;
			children = (
			);
			path = View;
			sourceTree = "<group>";
		};
		5EC07F081D55C2E0000309B6 = {
			isa = PBXGroup;
			children = (
				5EC07F131D55C2E0000309B6 /* SingPlayer */,
				5EC07F121D55C2E0000309B6 /* Products */,
				94B086AA09359CB8E62BD2E0 /* Pods */,
				9CB07555C1B9B40327103019 /* Frameworks */,
			);
			sourceTree = "<group>";
		};
		5EC07F121D55C2E0000309B6 /* Products */ = {
			isa = PBXGroup;
			children = (
				5EC07F111D55C2E0000309B6 /* SingPlayer.app */,
			);
			name = Products;
			sourceTree = "<group>";
		};
		5EC07F131D55C2E0000309B6 /* SingPlayer */ = {
			isa = PBXGroup;
			children = (
				5EC07F2D1D55C3C3000309B6 /* Model */,
				5EC07F2C1D55C3C3000309B6 /* MainController */,
				5EC07F2B1D55C3C3000309B6 /* ChildClass */,
				5EC07F2E1D55C3C3000309B6 /* Ohter */,
				5EC07F2F1D55C3C3000309B6 /* Resource */,
				5EC07F141D55C2E0000309B6 /* Supporting Files */,
			);
			path = SingPlayer;
			sourceTree = "<group>";
		};
		5EC07F141D55C2E0000309B6 /* Supporting Files */ = {
			isa = PBXGroup;
			children = (
				5EC07F201D55C2E0000309B6 /* Assets.xcassets */,
				5EC07F251D55C2E0000309B6 /* Info.plist */,
				5EC07F151D55C2E0000309B6 /* main.m */,
			);
			name = "Supporting Files";
			sourceTree = "<group>";
		};
		5EC07F2B1D55C3C3000309B6 /* ChildClass */ = {
			isa = PBXGroup;
			children = (
				5E9F45A31D55CFB40097D794 /* MineCourse */,
				5E9F45FB1D55D4760097D794 /* Play */,
				5EC07F341D55C452000309B6 /* HomePage */,
			);
			path = ChildClass;
			sourceTree = "<group>";
		};
		5EC07F2C1D55C3C3000309B6 /* MainController */ = {
			isa = PBXGroup;
			children = (
				5EC07F171D55C2E0000309B6 /* AppDelegate.h */,
				5EC07F181D55C2E0000309B6 /* AppDelegate.m */,
				5EC07F311D55C430000309B6 /* Controller */,
				5EC07F321D55C430000309B6 /* Model */,
				5EC07F331D55C430000309B6 /* View */,
			);
			path = MainController;
			sourceTree = "<group>";
		};
		5EC07F2D1D55C3C3000309B6 /* Model */ = {
			isa = PBXGroup;
			children = (
			);
			path = Model;
			sourceTree = "<group>";
		};
		5EC07F2E1D55C3C3000309B6 /* Ohter */ = {
			isa = PBXGroup;
			children = (
				5EC07F301D55C3E9000309B6 /* PrefixHeader.pch */,
			);
			path = Ohter;
			sourceTree = "<group>";
		};
		5EC07F2F1D55C3C3000309B6 /* Resource */ = {
			isa = PBXGroup;
			children = (
				5E9F45F91D55D27B0097D794 /* 原始音频.mp3 */,
				5E9F45AA1D55D2530097D794 /* 分句音频 */,
				5E9F45F71D55D2730097D794 /* 分句原文.txt */,
				5E9F45A11D55CF5D0097D794 /* 1.jpg */,
			);
			path = Resource;
			sourceTree = "<group>";
		};
		5EC07F311D55C430000309B6 /* Controller */ = {
			isa = PBXGroup;
			children = (
				5E9F459E1D55CD290097D794 /* MainViewController.h */,
				5E9F459F1D55CD290097D794 /* MainViewController.m */,
			);
			path = Controller;
			sourceTree = "<group>";
		};
		5EC07F321D55C430000309B6 /* Model */ = {
			isa = PBXGroup;
			children = (
			);
			path = Model;
			sourceTree = "<group>";
		};
		5EC07F331D55C430000309B6 /* View */ = {
			isa = PBXGroup;
			children = (
			);
			path = View;
			sourceTree = "<group>";
		};
		5EC07F341D55C452000309B6 /* HomePage */ = {
			isa = PBXGroup;
			children = (
				5EC07F351D55C452000309B6 /* Controller */,
				5EC07F361D55C452000309B6 /* Model */,
				5EC07F371D55C452000309B6 /* View */,
			);
			path = HomePage;
			sourceTree = "<group>";
		};
		5EC07F351D55C452000309B6 /* Controller */ = {
			isa = PBXGroup;
			children = (
			);
			path = Controller;
			sourceTree = "<group>";
		};
		5EC07F361D55C452000309B6 /* Model */ = {
			isa = PBXGroup;
			children = (
			);
			path = Model;
			sourceTree = "<group>";
		};
		5EC07F371D55C452000309B6 /* View */ = {
			isa = PBXGroup;
			children = (
			);
			path = View;
			sourceTree = "<group>";
		};
		94B086AA09359CB8E62BD2E0 /* Pods */ = {
			isa = PBXGroup;
			children = (
				FF2B743056A318E1C126A7F5 /* Pods-SingPlayer.debug.xcconfig */,
				09840E052C29BC0F1E37E93F /* Pods-SingPlayer.release.xcconfig */,
			);
			name = Pods;
			sourceTree = "<group>";
		};
		9CB07555C1B9B40327103019 /* Frameworks */ = {
			isa = PBXGroup;
			children = (
				A82C0BBC7EFF87D8C6F84FB5 /* libPods-SingPlayer.a */,
			);
			name = Frameworks;
			sourceTree = "<group>";
		};
/* End PBXGroup section */

/* Begin PBXNativeTarget section */
		5EC07F101D55C2E0000309B6 /* SingPlayer */ = {
			isa = PBXNativeTarget;
			buildConfigurationList = 5EC07F281D55C2E0000309B6 /* Build configuration list for PBXNativeTarget "SingPlayer" */;
			buildPhases = (
				36A192FEF2E38E9B9349D32D /* [CP] Check Pods Manifest.lock */,
				5EC07F0D1D55C2E0000309B6 /* Sources */,
				5EC07F0E1D55C2E0000309B6 /* Frameworks */,
				5EC07F0F1D55C2E0000309B6 /* Resources */,
				007CCF91CEC78CCF300A2FC0 /* [CP] Embed Pods Frameworks */,
				DA5B77B912EA01B3EF6326D1 /* [CP] Copy Pods Resources */,
			);
			buildRules = (
			);
			dependencies = (
			);
			name = SingPlayer;
			productName = SingPlayer;
			productReference = 5EC07F111D55C2E0000309B6 /* SingPlayer.app */;
			productType = "com.apple.product-type.application";
		};
/* End PBXNativeTarget section */

/* Begin PBXProject section */
		5EC07F091D55C2E0000309B6 /* Project object */ = {
			isa = PBXProject;
			attributes = {
				LastUpgradeCheck = 0730;
				ORGANIZATIONNAME = SingYi;
				TargetAttributes = {
					5EC07F101D55C2E0000309B6 = {
						CreatedOnToolsVersion = 7.3.1;
					};
				};
			};
			buildConfigurationList = 5EC07F0C1D55C2E0000309B6 /* Build configuration list for PBXProject "SingPlayer" */;
			compatibilityVersion = "Xcode 3.2";
			developmentRegion = English;
			hasScannedForEncodings = 0;
			knownRegions = (
				en,
				Base,
			);
			mainGroup = 5EC07F081D55C2E0000309B6;
			productRefGroup = 5EC07F121D55C2E0000309B6 /* Products */;
			projectDirPath = "";
			projectRoot = "";
			targets = (
				5EC07F101D55C2E0000309B6 /* SingPlayer */,
			);
		};
/* End PBXProject section */

/* Begin PBXResourcesBuildPhase section */
		5EC07F0F1D55C2E0000309B6 /* Resources */ = {
			isa = PBXResourcesBuildPhase;
			buildActionMask = 2147483647;
			files = (
				5E9F45DC1D55D2530097D794 /* Sound 2.mp3 in Resources */,
				5E9F45E11D55D2530097D794 /* Sound 24.mp3 in Resources */,
				5E9F45E41D55D2530097D794 /* Sound 27.mp3 in Resources */,
				5E9F45DD1D55D2530097D794 /* Sound 20.mp3 in Resources */,
				5E9F45EF1D55D2530097D794 /* Sound 37.mp3 in Resources */,
				5E9F45D91D55D2530097D794 /* Sound 17.mp3 in Resources */,
				5E9F45ED1D55D2530097D794 /* Sound 35.mp3 in Resources */,
				5E9F45D61D55D2530097D794 /* Sound 14.mp3 in Resources */,
				5E9F45D21D55D2530097D794 /* Sound 10.mp3 in Resources */,
				5E9F45E91D55D2530097D794 /* Sound 31.mp3 in Resources */,
				5E9F45E21D55D2530097D794 /* Sound 25.mp3 in Resources */,
				5E9F45F81D55D2730097D794 /* 分句原文.txt in Resources */,
				5E9F45D31D55D2530097D794 /* Sound 11.mp3 in Resources */,
				5E9F45DE1D55D2530097D794 /* Sound 21.mp3 in Resources */,
				5E9F45E71D55D2530097D794 /* Sound 3.mp3 in Resources */,
				5E9F45DA1D55D2530097D794 /* Sound 18.mp3 in Resources */,
				5E9F45F41D55D2530097D794 /* Sound 7.mp3 in Resources */,
				5E9F45F51D55D2530097D794 /* Sound 8.mp3 in Resources */,
				5EC07F211D55C2E0000309B6 /* Assets.xcassets in Resources */,
				5E9F45D51D55D2530097D794 /* Sound 13.mp3 in Resources */,
				5E9F45F61D55D2530097D794 /* Sound 9.mp3 in Resources */,
				5E9F45E51D55D2530097D794 /* Sound 28.mp3 in Resources */,
				5E9F45EC1D55D2530097D794 /* Sound 34.mp3 in Resources */,
				5E9F45F21D55D2530097D794 /* Sound 5.mp3 in Resources */,
				5E9F45EA1D55D2530097D794 /* Sound 32.mp3 in Resources */,
				5E9F45D11D55D2530097D794 /* Sound 1.mp3 in Resources */,
				5E9F45E31D55D2530097D794 /* Sound 26.mp3 in Resources */,
				5E9F45DF1D55D2530097D794 /* Sound 22.mp3 in Resources */,
				5E9F45D81D55D2530097D794 /* Sound 16.mp3 in Resources */,
				5E9F45EB1D55D2530097D794 /* Sound 33.mp3 in Resources */,
				5E9F45D41D55D2530097D794 /* Sound 12.mp3 in Resources */,
				5E9F45D71D55D2530097D794 /* Sound 15.mp3 in Resources */,
				5E9F45DB1D55D2530097D794 /* Sound 19.mp3 in Resources */,
				5E9F45F01D55D2530097D794 /* Sound 38.mp3 in Resources */,
				5E9F45E81D55D2530097D794 /* Sound 30.mp3 in Resources */,
				5E9F45EE1D55D2530097D794 /* Sound 36.mp3 in Resources */,
				5E9F45FA1D55D27B0097D794 /* 原始音频.mp3 in Resources */,
				5E9F45E01D55D2530097D794 /* Sound 23.mp3 in Resources */,
				5E9F45E61D55D2530097D794 /* Sound 29.mp3 in Resources */,
				5E9F45A21D55CF5D0097D794 /* 1.jpg in Resources */,
				5E9F45F11D55D2530097D794 /* Sound 4.mp3 in Resources */,
				5E9F45F31D55D2530097D794 /* Sound 6.mp3 in Resources */,
			);
			runOnlyForDeploymentPostprocessing = 0;
		};
/* End PBXResourcesBuildPhase section */

/* Begin PBXShellScriptBuildPhase section */
		007CCF91CEC78CCF300A2FC0 /* [CP] Embed Pods Frameworks */ = {
			isa = PBXShellScriptBuildPhase;
			buildActionMask = 2147483647;
			files = (
			);
			inputPaths = (
			);
			name = "[CP] Embed Pods Frameworks";
			outputPaths = (
			);
			runOnlyForDeploymentPostprocessing = 0;
			shellPath = /bin/sh;
			shellScript = "\"${SRCROOT}/Pods/Target Support Files/Pods-SingPlayer/Pods-SingPlayer-frameworks.sh\"\n";
			showEnvVarsInLog = 0;
		};
		36A192FEF2E38E9B9349D32D /* [CP] Check Pods Manifest.lock */ = {
			isa = PBXShellScriptBuildPhase;
			buildActionMask = 2147483647;
			files = (
			);
			inputPaths = (
			);
			name = "[CP] Check Pods Manifest.lock";
			outputPaths = (
			);
			runOnlyForDeploymentPostprocessing = 0;
			shellPath = /bin/sh;
			shellScript = "diff \"${PODS_ROOT}/../Podfile.lock\" \"${PODS_ROOT}/Manifest.lock\" > /dev/null\nif [[ $? != 0 ]] ; then\n    cat << EOM\nerror: The sandbox is not in sync with the Podfile.lock. Run 'pod install' or update your CocoaPods installation.\nEOM\n    exit 1\nfi\n";
			showEnvVarsInLog = 0;
		};
		DA5B77B912EA01B3EF6326D1 /* [CP] Copy Pods Resources */ = {
			isa = PBXShellScriptBuildPhase;
			buildActionMask = 2147483647;
			files = (
			);
			inputPaths = (
			);
			name = "[CP] Copy Pods Resources";
			outputPaths = (
			);
			runOnlyForDeploymentPostprocessing = 0;
			shellPath = /bin/sh;
			shellScript = "\"${SRCROOT}/Pods/Target Support Files/Pods-SingPlayer/Pods-SingPlayer-resources.sh\"\n";
			showEnvVarsInLog = 0;
		};
/* End PBXShellScriptBuildPhase section */

/* Begin PBXSourcesBuildPhase section */
		5EC07F0D1D55C2E0000309B6 /* Sources */ = {
			isa = PBXSourcesBuildPhase;
			buildActionMask = 2147483647;
			files = (
				5EC07F191D55C2E0000309B6 /* AppDelegate.m in Sources */,
				5E9F45A01D55CD290097D794 /* MainViewController.m in Sources */,
				5E9F45A91D55CFC50097D794 /* MineVCourseController.m in Sources */,
				5E9F46011D55D4820097D794 /* PlayViewController.m in Sources */,
				5EC07F161D55C2E0000309B6 /* main.m in Sources */,
			);
			runOnlyForDeploymentPostprocessing = 0;
		};
/* End PBXSourcesBuildPhase section */

/* Begin XCBuildConfiguration section */
		5EC07F261D55C2E0000309B6 /* Debug */ = {
			isa = XCBuildConfiguration;
			buildSettings = {
				ALWAYS_SEARCH_USER_PATHS = NO;
				CLANG_ANALYZER_NONNULL = YES;
				CLANG_CXX_LANGUAGE_STANDARD = "gnu++0x";
				CLANG_CXX_LIBRARY = "libc++";
				CLANG_ENABLE_MODULES = YES;
				CLANG_ENABLE_OBJC_ARC = YES;
				CLANG_WARN_BOOL_CONVERSION = YES;
				CLANG_WARN_CONSTANT_CONVERSION = YES;
				CLANG_WARN_DIRECT_OBJC_ISA_USAGE = YES_ERROR;
				CLANG_WARN_EMPTY_BODY = YES;
				CLANG_WARN_ENUM_CONVERSION = YES;
				CLANG_WARN_INT_CONVERSION = YES;
				CLANG_WARN_OBJC_ROOT_CLASS = YES_ERROR;
				CLANG_WARN_UNREACHABLE_CODE = YES;
				CLANG_WARN__DUPLICATE_METHOD_MATCH = YES;
				"CODE_SIGN_IDENTITY[sdk=iphoneos*]" = "iPhone Developer";
				COPY_PHASE_STRIP = NO;
				DEBUG_INFORMATION_FORMAT = dwarf;
				ENABLE_STRICT_OBJC_MSGSEND = YES;
				ENABLE_TESTABILITY = YES;
				GCC_C_LANGUAGE_STANDARD = gnu99;
				GCC_DYNAMIC_NO_PIC = NO;
				GCC_NO_COMMON_BLOCKS = YES;
				GCC_OPTIMIZATION_LEVEL = 0;
				GCC_PREPROCESSOR_DEFINITIONS = (
					"DEBUG=1",
					"$(inherited)",
				);
				GCC_WARN_64_TO_32_BIT_CONVERSION = YES;
				GCC_WARN_ABOUT_RETURN_TYPE = YES_ERROR;
				GCC_WARN_UNDECLARED_SELECTOR = YES;
				GCC_WARN_UNINITIALIZED_AUTOS = YES_AGGRESSIVE;
				GCC_WARN_UNUSED_FUNCTION = YES;
				GCC_WARN_UNUSED_VARIABLE = YES;
				IPHONEOS_DEPLOYMENT_TARGET = 9.3;
				MTL_ENABLE_DEBUG_INFO = YES;
				ONLY_ACTIVE_ARCH = YES;
				SDKROOT = iphoneos;
				TARGETED_DEVICE_FAMILY = "1,2";
			};
			name = Debug;
		};
		5EC07F271D55C2E0000309B6 /* Release */ = {
			isa = XCBuildConfiguration;
			buildSettings = {
				ALWAYS_SEARCH_USER_PATHS = NO;
				CLANG_ANALYZER_NONNULL = YES;
				CLANG_CXX_LANGUAGE_STANDARD = "gnu++0x";
				CLANG_CXX_LIBRARY = "libc++";
				CLANG_ENABLE_MODULES = YES;
				CLANG_ENABLE_OBJC_ARC = YES;
				CLANG_WARN_BOOL_CONVERSION = YES;
				CLANG_WARN_CONSTANT_CONVERSION = YES;
				CLANG_WARN_DIRECT_OBJC_ISA_USAGE = YES_ERROR;
				CLANG_WARN_EMPTY_BODY = YES;
				CLANG_WARN_ENUM_CONVERSION = YES;
				CLANG_WARN_INT_CONVERSION = YES;
				CLANG_WARN_OBJC_ROOT_CLASS = YES_ERROR;
				CLANG_WARN_UNREACHABLE_CODE = YES;
				CLANG_WARN__DUPLICATE_METHOD_MATCH = YES;
				"CODE_SIGN_IDENTITY[sdk=iphoneos*]" = "iPhone Developer";
				COPY_PHASE_STRIP = NO;
				DEBUG_INFORMATION_FORMAT = "dwarf-with-dsym";
				ENABLE_NS_ASSERTIONS = NO;
				ENABLE_STRICT_OBJC_MSGSEND = YES;
				GCC_C_LANGUAGE_STANDARD = gnu99;
				GCC_NO_COMMON_BLOCKS = YES;
				GCC_WARN_64_TO_32_BIT_CONVERSION = YES;
				GCC_WARN_ABOUT_RETURN_TYPE = YES_ERROR;
				GCC_WARN_UNDECLARED_SELECTOR = YES;
				GCC_WARN_UNINITIALIZED_AUTOS = YES_AGGRESSIVE;
				GCC_WARN_UNUSED_FUNCTION = YES;
				GCC_WARN_UNUSED_VARIABLE = YES;
				IPHONEOS_DEPLOYMENT_TARGET = 9.3;
				MTL_ENABLE_DEBUG_INFO = NO;
				SDKROOT = iphoneos;
				TARGETED_DEVICE_FAMILY = "1,2";
				VALIDATE_PRODUCT = YES;
			};
			name = Release;
		};
		5EC07F291D55C2E0000309B6 /* Debug */ = {
			isa = XCBuildConfiguration;
			baseConfigurationReference = FF2B743056A318E1C126A7F5 /* Pods-SingPlayer.debug.xcconfig */;
			buildSettings = {
				ASSETCATALOG_COMPILER_APPICON_NAME = AppIcon;
				GCC_PREFIX_HEADER = "$(SRCROOT)/SingPlayer/Ohter/PrefixHeader.pch";
				INFOPLIST_FILE = SingPlayer/Info.plist;
				IPHONEOS_DEPLOYMENT_TARGET = 9.0;
				LD_RUNPATH_SEARCH_PATHS = "$(inherited) @executable_path/Frameworks";
				PRODUCT_BUNDLE_IDENTIFIER = Sy.SingPlayer;
				PRODUCT_NAME = "$(TARGET_NAME)";
			};
			name = Debug;
		};
		5EC07F2A1D55C2E0000309B6 /* Release */ = {
			isa = XCBuildConfiguration;
			baseConfigurationReference = 09840E052C29BC0F1E37E93F /* Pods-SingPlayer.release.xcconfig */;
			buildSettings = {
				ASSETCATALOG_COMPILER_APPICON_NAME = AppIcon;
				GCC_PREFIX_HEADER = "$(SRCROOT)/SingPlayer/Ohter/PrefixHeader.pch";
				INFOPLIST_FILE = SingPlayer/Info.plist;
				IPHONEOS_DEPLOYMENT_TARGET = 9.0;
				LD_RUNPATH_SEARCH_PATHS = "$(inherited) @executable_path/Frameworks";
				PRODUCT_BUNDLE_IDENTIFIER = Sy.SingPlayer;
				PRODUCT_NAME = "$(TARGET_NAME)";
			};
			name = Release;
		};
/* End XCBuildConfiguration section */

/* Begin XCConfigurationList section */
		5EC07F0C1D55C2E0000309B6 /* Build configuration list for PBXProject "SingPlayer" */ = {
			isa = XCConfigurationList;
			buildConfigurations = (
				5EC07F261D55C2E0000309B6 /* Debug */,
				5EC07F271D55C2E0000309B6 /* Release */,
			);
			defaultConfigurationIsVisible = 0;
			defaultConfigurationName = Release;
		};
		5EC07F281D55C2E0000309B6 /* Build configuration list for PBXNativeTarget "SingPlayer" */ = {
			isa = XCConfigurationList;
			buildConfigurations = (
				5EC07F291D55C2E0000309B6 /* Debug */,
				5EC07F2A1D55C2E0000309B6 /* Release */,
			);
			defaultConfigurationIsVisible = 0;
			defaultConfigurationName = Release;
		};
/* End XCConfigurationList section */
	};
	rootObject = 5EC07F091D55C2E0000309B6 /* Project object */;
}
